PODS:
  - ExtensibleEnumeratedName (1.0.1)
  - WolfConcurrency (1.0):
    - WolfFoundation
    - WolfLog
    - WolfNumerics
  - WolfFoundation (1.0):
    - WolfNumerics
    - WolfPipe
    - WolfStrings
  - WolfLog (1.0.1):
    - ExtensibleEnumeratedName
    - WolfNumerics
    - WolfStrings
  - WolfNumerics (1.0.1)
  - WolfPipe (1.0.1)
  - WolfPubSub (0.1.0):
    - WolfConcurrency
    - WolfFoundation
  - WolfStrings (1.0.1):
    - ExtensibleEnumeratedName
    - WolfNumerics
    - WolfPipe

DEPENDENCIES:
  - WolfPubSub (from `../`)

SPEC REPOS:
  https://github.com/cocoapods/specs.git:
    - ExtensibleEnumeratedName
    - WolfConcurrency
    - WolfFoundation
    - WolfLog
    - WolfNumerics
    - WolfPipe
    - WolfStrings

EXTERNAL SOURCES:
  WolfPubSub:
    :path: "../"

SPEC CHECKSUMS:
  ExtensibleEnumeratedName: 70c35288c7e34eff64b4b1da8b0c6e993013738b
  WolfConcurrency: 6441a2ee3487398b02f78fc87b52659972cbbbb8
  WolfFoundation: 90959f037de362da543adfdbe347f79c28e7f0db
  WolfLog: e6e60ea7593e9fb1962d319a6bc190045f4f1e6e
  WolfNumerics: 47d911caaf5350fc838b638ca47a5427b676d275
  WolfPipe: 7ddf803ae6bc9d42d34120bcce43d25940e3c791
  WolfPubSub: 42072eadd67c2fcba3cacb6ca97bb76062f87464
  WolfStrings: 0691ee5c7aae7c040a6552ca97ddfa510ecccf88

PODFILE CHECKSUM: 8c3e7949043ac5d2ab2565fb6c22ff899a9b0b15

COCOAPODS: 1.6.0.beta.1
